specVersion: 0.0.2
description: CrytoSwap Timelock contract
repository: https://github.com/pancakeswap
schema:
  file: ./timelock.graphql
dataSources:
  - kind: ethereum/contract
    name: Timelock
    network: mainnet
    source:
      address: '0xFcFc27dCF51EDF2fbf937ddD9B5d945Ae8314Ac2'
      abi: Timelock
      startBlock: 1
    mapping:
      kind: ethereum/events
      apiVersion: 0.0.4
      language: wasm/assemblyscript
      file: ../src/timelock/index.ts
      entities:
        - Timelock
      abis:
        - name: Timelock
          file: ../abis/Timelock.json
      eventHandlers:
        - event: CancelTransaction(indexed bytes32,indexed address,uint256,string,bytes,uint256)
          handler: handleCanceledTransaction
        - event: ExecuteTransaction(indexed bytes32,indexed address,uint256,string,bytes,uint256)
          handler: handleExecutedTransaction
        - event: QueueTransaction(indexed bytes32,indexed address,uint256,string,bytes,uint256)
          handler: handleQueuedTransaction
